<?xml version="1.0" encoding="utf-8"?>
<Project ToolsVersion="4.0" xmlns="http://schemas.microsoft.com/developer/msbuild/2003">
  <ItemGroup>
    <ClCompile Include="FSMTestEnv\Coffee.cpp" />
    <ClCompile Include="FSMTestEnv\CoffeeMachine.cpp" />
    <ClCompile Include="FSMTestEnv\User.cpp" />
    <ClCompile Include="FSMTestEnv\main.cpp" />
    <ClCompile Include="StateMachine.cpp" />
    <ClCompile Include="S_IDLE.cpp" />
    <ClCompile Include="S_LOW_WATER.cpp" />
    <ClCompile Include="S_LOW_BEAN.cpp" />
    <ClCompile Include="S_BREWING.cpp" />
    <ClCompile Include="S_CLEANING.cpp" />
    <ClCompile Include="S_NEEDS_CLEANING.cpp" />
  </ItemGroup>
  <ItemGroup>
    <ClInclude Include="FSMTestEnv\Coffee.h">
      <Filter>Headers</Filter>
    </ClInclude>
    <ClInclude Include="FSMTestEnv\CoffeeMachine.h">
      <Filter>Headers</Filter>
    </ClInclude>
    <ClInclude Include="FSMTestEnv\CoffeeMachineStates.h">
      <Filter>Headers</Filter>
    </ClInclude>
    <ClInclude Include="FSMTestEnv\CoffeeTypes.h">
      <Filter>Headers</Filter>
    </ClInclude>
    <ClInclude Include="FSMTestEnv\ConsoleDefines.h">
      <Filter>Headers</Filter>
    </ClInclude>
    <ClInclude Include="FSMTestEnv\User.h">
      <Filter>Headers</Filter>
    </ClInclude>
    <ClInclude Include="IState.h">
      <Filter>Headers</Filter>
    </ClInclude>
    <ClInclude Include="StateMachine.h">
      <Filter>Headers</Filter>
    </ClInclude>
    <ClInclude Include="S_IDLE.h">
      <Filter>Headers</Filter>
    </ClInclude>
    <ClInclude Include="S_LOW_WATER.h">
      <Filter>Headers</Filter>
    </ClInclude>
    <ClInclude Include="S_BREWING.h">
      <Filter>Headers</Filter>
    </ClInclude>
    <ClInclude Include="S_LOW_BEAN.h">
      <Filter>Headers</Filter>
    </ClInclude>
    <ClInclude Include="S_CLEANING.h">
      <Filter>Headers</Filter>
    </ClInclude>
    <ClInclude Include="S_NEEDS_CLEANING.h" />
  </ItemGroup>
  <ItemGroup>
    <Filter Include="Headers">
      <UniqueIdentifier>{30e93e67-9957-4449-8c97-1e124a110095}</UniqueIdentifier>
    </Filter>
  </ItemGroup>
</Project>